
Microsoft Visual Studio Solution File, Format Version 12.00
Project("{FAE04EC0-301F-11D3-BF4B-00C04F79EFBC}") = "PJATK-APBD-Cw7-s33463", "PJATK-APBD-Cw7-s33463\PJATK-APBD-Cw7-s33463.csproj", "{A5A4D4B1-9ABD-49DC-B8F3-A7A1F8746566}"
EndProject
Global
	GlobalSection(SolutionConfigurationPlatforms) = preSolution
		Debug|Any CPU = Debug|Any CPU
		Release|Any CPU = Release|Any CPU
	EndGlobalSection
	GlobalSection(ProjectConfigurationPlatforms) = postSolution
		{A5A4D4B1-9ABD-49DC-B8F3-A7A1F8746566}.Debug|Any CPU.ActiveCfg = Debug|Any CPU
		{A5A4D4B1-9ABD-49DC-B8F3-A7A1F8746566}.Debug|Any CPU.Build.0 = Debug|Any CPU
		{A5A4D4B1-9ABD-49DC-B8F3-A7A1F8746566}.Release|Any CPU.ActiveCfg = Release|Any CPU
		{A5A4D4B1-9ABD-49DC-B8F3-A7A1F8746566}.Release|Any CPU.Build.0 = Release|Any CPU
	EndGlobalSection
EndGlobal
